
Microsoft Visual Studio Solution File, Format Version 12.00
# Visual Studio Version 17
VisualStudioVersion = 17.12.35506.116
MinimumVisualStudioVersion = 10.0.40219.1
Project("{FAE04EC0-301F-11D3-BF4B-00C04F79EFBC}") = "Day01", "Day01\Day01.csproj", "{92B6D115-B2E3-430D-8C9B-9B9F4D6DF53F}"
EndProject
Project("{FAE04EC0-301F-11D3-BF4B-00C04F79EFBC}") = "Day02", "Day02\Day02.csproj", "{EA3554FA-1CE9-41F5-A7B9-778879B7FCFA}"
EndProject
Project("{FAE04EC0-301F-11D3-BF4B-00C04F79EFBC}") = "Day03", "Day03\Day03.csproj", "{BA4A7EDD-161C-4C9F-9951-16ACC335F157}"
EndProject
Project("{FAE04EC0-301F-11D3-BF4B-00C04F79EFBC}") = "Day04", "Day04\Day04.csproj", "{E146FA81-3E14-4BB4-AFA9-D75C316B11C5}"
EndProject
Global
	GlobalSection(SolutionConfigurationPlatforms) = preSolution
		Debug|Any CPU = Debug|Any CPU
		Release|Any CPU = Release|Any CPU
	EndGlobalSection
	GlobalSection(ProjectConfigurationPlatforms) = postSolution
		{92B6D115-B2E3-430D-8C9B-9B9F4D6DF53F}.Debug|Any CPU.ActiveCfg = Debug|Any CPU
		{92B6D115-B2E3-430D-8C9B-9B9F4D6DF53F}.Debug|Any CPU.Build.0 = Debug|Any CPU
		{92B6D115-B2E3-430D-8C9B-9B9F4D6DF53F}.Release|Any CPU.ActiveCfg = Release|Any CPU
		{92B6D115-B2E3-430D-8C9B-9B9F4D6DF53F}.Release|Any CPU.Build.0 = Release|Any CPU
		{EA3554FA-1CE9-41F5-A7B9-778879B7FCFA}.Debug|Any CPU.ActiveCfg = Debug|Any CPU
		{EA3554FA-1CE9-41F5-A7B9-778879B7FCFA}.Debug|Any CPU.Build.0 = Debug|Any CPU
		{EA3554FA-1CE9-41F5-A7B9-778879B7FCFA}.Release|Any CPU.ActiveCfg = Release|Any CPU
		{EA3554FA-1CE9-41F5-A7B9-778879B7FCFA}.Release|Any CPU.Build.0 = Release|Any CPU
		{BA4A7EDD-161C-4C9F-9951-16ACC335F157}.Debug|Any CPU.ActiveCfg = Debug|Any CPU
		{BA4A7EDD-161C-4C9F-9951-16ACC335F157}.Debug|Any CPU.Build.0 = Debug|Any CPU
		{BA4A7EDD-161C-4C9F-9951-16ACC335F157}.Release|Any CPU.ActiveCfg = Release|Any CPU
		{BA4A7EDD-161C-4C9F-9951-16ACC335F157}.Release|Any CPU.Build.0 = Release|Any CPU
		{E146FA81-3E14-4BB4-AFA9-D75C316B11C5}.Debug|Any CPU.ActiveCfg = Debug|Any CPU
		{E146FA81-3E14-4BB4-AFA9-D75C316B11C5}.Debug|Any CPU.Build.0 = Debug|Any CPU
		{E146FA81-3E14-4BB4-AFA9-D75C316B11C5}.Release|Any CPU.ActiveCfg = Release|Any CPU
		{E146FA81-3E14-4BB4-AFA9-D75C316B11C5}.Release|Any CPU.Build.0 = Release|Any CPU
	EndGlobalSection
	GlobalSection(SolutionProperties) = preSolution
		HideSolutionNode = FALSE
	EndGlobalSection
EndGlobal
